<?xml version="1.0" encoding="utf-8"?>
<Project ToolsVersion="4.0" xmlns="http://schemas.microsoft.com/developer/msbuild/2003">
  <ItemGroup>
    <Filter Include="Source Files">
      <UniqueIdentifier>{4FC737F1-C7A5-4376-A066-2A32D752A2FF}</UniqueIdentifier>
      <Extensions>qml;cpp;c;cc;cxx;def;odl;idl;hpj;bat;asm;asmx</Extensions>
    </Filter>
    <Filter Include="Header Files">
      <UniqueIdentifier>{93995380-89BD-4b04-88EB-625FBE52EBFB}</UniqueIdentifier>
      <Extensions>h;hh;hpp;hxx;hm;inl;inc;xsd</Extensions>
    </Filter>
    <Filter Include="Resource Files">
      <UniqueIdentifier>{67DA6AB6-F800-4c08-8B7A-83BB121AAD01}</UniqueIdentifier>
      <Extensions>qrc;rc;ico;cur;bmp;dlg;rc2;rct;bin;rgs;gif;jpg;jpeg;jpe;resx;tiff;tif;png;wav;mfcribbon-ms</Extensions>
    </Filter>
    <Filter Include="Form Files">
      <UniqueIdentifier>{99349809-55BA-4b9d-BF79-8FDBB0286EB3}</UniqueIdentifier>
      <Extensions>ui</Extensions>
    </Filter>
    <Filter Include="Translation Files">
      <UniqueIdentifier>{639EADAA-A684-42e4-A9AD-28FC9BCB8F7C}</UniqueIdentifier>
      <Extensions>ts</Extensions>
    </Filter>
    <Filter Include="Header Files\vehicles">
      <UniqueIdentifier>{91a8489f-4af4-4e2f-ad1e-14ecb1bf0357}</UniqueIdentifier>
    </Filter>
    <Filter Include="Source Files\vehicles">
      <UniqueIdentifier>{11190c73-7daf-43a6-b7e2-f0f78715b8b6}</UniqueIdentifier>
    </Filter>
  </ItemGroup>
  <ItemGroup>
    <QtRcc Include="qt\App.qrc">
      <Filter>Resource Files</Filter>
    </QtRcc>
    <QtUic Include="qt\App.ui">
      <Filter>Form Files</Filter>
    </QtUic>
    <QtMoc Include="src\App.hpp">
      <Filter>Header Files</Filter>
    </QtMoc>
    <ClCompile Include="src\App.cpp">
      <Filter>Source Files</Filter>
    </ClCompile>
    <None Include="media\Projekt.ico">
      <Filter>Resource Files</Filter>
    </None>
    <ResourceCompile Include="qt\Projekt.rc">
      <Filter>Resource Files</Filter>
    </ResourceCompile>
  </ItemGroup>
  <ItemGroup>
    <ClCompile Include="src\main.cpp">
      <Filter>Source Files</Filter>
    </ClCompile>
    <ClCompile Include="src\Vehicle.cpp">
      <Filter>Source Files\vehicles</Filter>
    </ClCompile>
    <ClCompile Include="src\Car.cpp">
      <Filter>Source Files\vehicles</Filter>
    </ClCompile>
    <ClCompile Include="src\Motorcycle.cpp">
      <Filter>Source Files\vehicles</Filter>
    </ClCompile>
    <ClCompile Include="src\Bike.cpp">
      <Filter>Source Files\vehicles</Filter>
    </ClCompile>
    <ClCompile Include="src\Scooter.cpp">
      <Filter>Source Files\vehicles</Filter>
    </ClCompile>
    <ClCompile Include="src\VehicleDatabase.cpp">
      <Filter>Source Files</Filter>
    </ClCompile>
    <ClCompile Include="src\User.cpp">
      <Filter>Source Files</Filter>
    </ClCompile>
    <ClCompile Include="src\RentalService.cpp">
      <Filter>Source Files</Filter>
    </ClCompile>
    <ClCompile Include="src\MotorizedVehicle.cpp">
      <Filter>Source Files\vehicles</Filter>
    </ClCompile>
    <ClCompile Include="src\UserManager.cpp">
      <Filter>Source Files</Filter>
    </ClCompile>
    <ClCompile Include="src\Utils.cpp">
      <Filter>Source Files</Filter>
    </ClCompile>
    <ClCompile Include="src\MainWindow.cpp">
      <Filter>Source Files</Filter>
    </ClCompile>
  </ItemGroup>
  <ItemGroup>
    <QtTranslation Include="locale\locale_en.ts">
      <Filter>Translation Files</Filter>
    </QtTranslation>
    <QtTranslation Include="locale\locale_pl.ts">
      <Filter>Translation Files</Filter>
    </QtTranslation>
  </ItemGroup>
  <ItemGroup>
    <ClInclude Include="src\Vehicle.hpp">
      <Filter>Header Files\vehicles</Filter>
    </ClInclude>
    <ClInclude Include="src\Car.hpp">
      <Filter>Header Files\vehicles</Filter>
    </ClInclude>
    <ClInclude Include="src\Motorcycle.hpp">
      <Filter>Header Files\vehicles</Filter>
    </ClInclude>
    <ClInclude Include="src\Bike.hpp">
      <Filter>Header Files\vehicles</Filter>
    </ClInclude>
    <ClInclude Include="src\Scooter.hpp">
      <Filter>Header Files\vehicles</Filter>
    </ClInclude>
    <ClInclude Include="src\VehicleDatabase.hpp">
      <Filter>Header Files</Filter>
    </ClInclude>
    <ClInclude Include="src\User.hpp">
      <Filter>Header Files</Filter>
    </ClInclude>
    <ClInclude Include="src\RentalService.hpp">
      <Filter>Header Files</Filter>
    </ClInclude>
    <ClInclude Include="src\MotorizedVehicle.hpp">
      <Filter>Header Files\vehicles</Filter>
    </ClInclude>
    <ClInclude Include="src\UserManager.hpp">
      <Filter>Header Files</Filter>
    </ClInclude>
    <ClInclude Include="src\Utils.hpp">
      <Filter>Header Files</Filter>
    </ClInclude>
  </ItemGroup>
  <ItemGroup>
    <QtUic Include="MainWindow.ui">
      <Filter>Form Files</Filter>
    </QtUic>
  </ItemGroup>
  <ItemGroup>
    <QtMoc Include="src\MainWindow.hpp">
      <Filter>Header Files</Filter>
    </QtMoc>
  </ItemGroup>
</Project>